
Microsoft Visual Studio Solution File, Format Version 12.00
# Visual Studio Version 17
VisualStudioVersion = 17.5.33516.290
MinimumVisualStudioVersion = 10.0.40219.1
Project("{FAE04EC0-301F-11D3-BF4B-00C04F79EFBC}") = "DemoControlNangCao02", "DemoControlNangCao02\DemoControlNangCao02.csproj", "{0252E4CF-6D8A-4EDC-B817-AB6208B7F017}"
EndProject
Global
	GlobalSection(SolutionConfigurationPlatforms) = preSolution
		Debug|Any CPU = Debug|Any CPU
		Release|Any CPU = Release|Any CPU
	EndGlobalSection
	GlobalSection(ProjectConfigurationPlatforms) = postSolution
		{0252E4CF-6D8A-4EDC-B817-AB6208B7F017}.Debug|Any CPU.ActiveCfg = Debug|Any CPU
		{0252E4CF-6D8A-4EDC-B817-AB6208B7F017}.Debug|Any CPU.Build.0 = Debug|Any CPU
		{0252E4CF-6D8A-4EDC-B817-AB6208B7F017}.Release|Any CPU.ActiveCfg = Release|Any CPU
		{0252E4CF-6D8A-4EDC-B817-AB6208B7F017}.Release|Any CPU.Build.0 = Release|Any CPU
	EndGlobalSection
	GlobalSection(SolutionProperties) = preSolution
		HideSolutionNode = FALSE
	EndGlobalSection
	GlobalSection(ExtensibilityGlobals) = postSolution
		SolutionGuid = {C177239E-BC3B-4557-BC76-7B91799C9F1A}
	EndGlobalSection
EndGlobal
