
Microsoft Visual Studio Solution File, Format Version 12.00
# Visual Studio Version 17
VisualStudioVersion = 17.5.33516.290
MinimumVisualStudioVersion = 10.0.40219.1
Project("{FAE04EC0-301F-11D3-BF4B-00C04F79EFBC}") = "DemoMang2ChieuHcn", "DemoMang2ChieuHcn\DemoMang2ChieuHcn.csproj", "{30A280EA-76E8-4ACC-8498-995BEE3CD708}"
EndProject
Global
	GlobalSection(SolutionConfigurationPlatforms) = preSolution
		Debug|Any CPU = Debug|Any CPU
		Release|Any CPU = Release|Any CPU
	EndGlobalSection
	GlobalSection(ProjectConfigurationPlatforms) = postSolution
		{30A280EA-76E8-4ACC-8498-995BEE3CD708}.Debug|Any CPU.ActiveCfg = Debug|Any CPU
		{30A280EA-76E8-4ACC-8498-995BEE3CD708}.Debug|Any CPU.Build.0 = Debug|Any CPU
		{30A280EA-76E8-4ACC-8498-995BEE3CD708}.Release|Any CPU.ActiveCfg = Release|Any CPU
		{30A280EA-76E8-4ACC-8498-995BEE3CD708}.Release|Any CPU.Build.0 = Release|Any CPU
	EndGlobalSection
	GlobalSection(SolutionProperties) = preSolution
		HideSolutionNode = FALSE
	EndGlobalSection
	GlobalSection(ExtensibilityGlobals) = postSolution
		SolutionGuid = {3FADF7C9-47F4-463C-84DA-C81CDA0F1AB8}
	EndGlobalSection
EndGlobal
