
Microsoft Visual Studio Solution File, Format Version 12.00
# Visual Studio Version 17
VisualStudioVersion = 17.7.34031.279
MinimumVisualStudioVersion = 10.0.40219.1
Project("{FAE04EC0-301F-11D3-BF4B-00C04F79EFBC}") = "de2_BuiXuanTien_0206266", "de2_BuiXuanTien_0206266\de2_BuiXuanTien_0206266.csproj", "{F7C06E9F-BEB8-4EB7-AB9E-5D1A58C8D22C}"
EndProject
Global
	GlobalSection(SolutionConfigurationPlatforms) = preSolution
		Debug|Any CPU = Debug|Any CPU
		Release|Any CPU = Release|Any CPU
	EndGlobalSection
	GlobalSection(ProjectConfigurationPlatforms) = postSolution
		{F7C06E9F-BEB8-4EB7-AB9E-5D1A58C8D22C}.Debug|Any CPU.ActiveCfg = Debug|Any CPU
		{F7C06E9F-BEB8-4EB7-AB9E-5D1A58C8D22C}.Debug|Any CPU.Build.0 = Debug|Any CPU
		{F7C06E9F-BEB8-4EB7-AB9E-5D1A58C8D22C}.Release|Any CPU.ActiveCfg = Release|Any CPU
		{F7C06E9F-BEB8-4EB7-AB9E-5D1A58C8D22C}.Release|Any CPU.Build.0 = Release|Any CPU
	EndGlobalSection
	GlobalSection(SolutionProperties) = preSolution
		HideSolutionNode = FALSE
	EndGlobalSection
	GlobalSection(ExtensibilityGlobals) = postSolution
		SolutionGuid = {FAEF7915-9608-42E9-BECD-C204E1EF0029}
	EndGlobalSection
EndGlobal
