
Microsoft Visual Studio Solution File, Format Version 12.00
# Visual Studio Version 17
VisualStudioVersion = 17.5.33516.290
MinimumVisualStudioVersion = 10.0.40219.1
Project("{FAE04EC0-301F-11D3-BF4B-00C04F79EFBC}") = "DemoEvent", "DemoEvent\DemoEvent.csproj", "{0C45C9FA-E625-4644-81C3-19D3A09F1AF8}"
EndProject
Global
	GlobalSection(SolutionConfigurationPlatforms) = preSolution
		Debug|Any CPU = Debug|Any CPU
		Release|Any CPU = Release|Any CPU
	EndGlobalSection
	GlobalSection(ProjectConfigurationPlatforms) = postSolution
		{0C45C9FA-E625-4644-81C3-19D3A09F1AF8}.Debug|Any CPU.ActiveCfg = Debug|Any CPU
		{0C45C9FA-E625-4644-81C3-19D3A09F1AF8}.Debug|Any CPU.Build.0 = Debug|Any CPU
		{0C45C9FA-E625-4644-81C3-19D3A09F1AF8}.Release|Any CPU.ActiveCfg = Release|Any CPU
		{0C45C9FA-E625-4644-81C3-19D3A09F1AF8}.Release|Any CPU.Build.0 = Release|Any CPU
	EndGlobalSection
	GlobalSection(SolutionProperties) = preSolution
		HideSolutionNode = FALSE
	EndGlobalSection
	GlobalSection(ExtensibilityGlobals) = postSolution
		SolutionGuid = {30840D4F-47B4-43EB-99E9-E07664CD74DD}
	EndGlobalSection
EndGlobal
