
Microsoft Visual Studio Solution File, Format Version 12.00
# Visual Studio Version 17
VisualStudioVersion = 17.5.33516.290
MinimumVisualStudioVersion = 10.0.40219.1
Project("{FAE04EC0-301F-11D3-BF4B-00C04F79EFBC}") = "DemoDelegate", "DemoDelegate\DemoDelegate.csproj", "{9F23D3A3-C159-4899-9F94-75C911B0C3B0}"
EndProject
Global
	GlobalSection(SolutionConfigurationPlatforms) = preSolution
		Debug|Any CPU = Debug|Any CPU
		Release|Any CPU = Release|Any CPU
	EndGlobalSection
	GlobalSection(ProjectConfigurationPlatforms) = postSolution
		{9F23D3A3-C159-4899-9F94-75C911B0C3B0}.Debug|Any CPU.ActiveCfg = Debug|Any CPU
		{9F23D3A3-C159-4899-9F94-75C911B0C3B0}.Debug|Any CPU.Build.0 = Debug|Any CPU
		{9F23D3A3-C159-4899-9F94-75C911B0C3B0}.Release|Any CPU.ActiveCfg = Release|Any CPU
		{9F23D3A3-C159-4899-9F94-75C911B0C3B0}.Release|Any CPU.Build.0 = Release|Any CPU
	EndGlobalSection
	GlobalSection(SolutionProperties) = preSolution
		HideSolutionNode = FALSE
	EndGlobalSection
	GlobalSection(ExtensibilityGlobals) = postSolution
		SolutionGuid = {02F8BB3E-1488-47D3-BBB6-0E07F7C8C99A}
	EndGlobalSection
EndGlobal
