
Microsoft Visual Studio Solution File, Format Version 12.00
# Visual Studio Version 17
VisualStudioVersion = 17.5.33516.290
MinimumVisualStudioVersion = 10.0.40219.1
Project("{FAE04EC0-301F-11D3-BF4B-00C04F79EFBC}") = "DemoWindowsFormBasic", "DemoWindowsFormBasic\DemoWindowsFormBasic.csproj", "{C2B3D9B7-F2E1-4391-9F50-0C219251176C}"
EndProject
Global
	GlobalSection(SolutionConfigurationPlatforms) = preSolution
		Debug|Any CPU = Debug|Any CPU
		Release|Any CPU = Release|Any CPU
	EndGlobalSection
	GlobalSection(ProjectConfigurationPlatforms) = postSolution
		{C2B3D9B7-F2E1-4391-9F50-0C219251176C}.Debug|Any CPU.ActiveCfg = Debug|Any CPU
		{C2B3D9B7-F2E1-4391-9F50-0C219251176C}.Debug|Any CPU.Build.0 = Debug|Any CPU
		{C2B3D9B7-F2E1-4391-9F50-0C219251176C}.Release|Any CPU.ActiveCfg = Release|Any CPU
		{C2B3D9B7-F2E1-4391-9F50-0C219251176C}.Release|Any CPU.Build.0 = Release|Any CPU
	EndGlobalSection
	GlobalSection(SolutionProperties) = preSolution
		HideSolutionNode = FALSE
	EndGlobalSection
	GlobalSection(ExtensibilityGlobals) = postSolution
		SolutionGuid = {B478EF47-992F-4F84-9B15-D5B2C73D179A}
	EndGlobalSection
EndGlobal
